
Microsoft Visual Studio Solution File, Format Version 12.00
# Visual Studio Version 17
VisualStudioVersion = 17.0.31903.59
MinimumVisualStudioVersion = 10.0.40219.1
Project("{2150E333-8FDC-42A3-9474-1A3956D46DE8}") = "projects", "projects", "{C3902DC0-0353-4890-AEE0-7104A3E586B1}"
EndProject
Project("{FAE04EC0-301F-11D3-BF4B-00C04F79EFBC}") = "scm-lib", "projects\scm-lib\scm-lib.csproj", "{1A500E3E-714D-46C1-8AC3-B5FB4C63BF16}"
EndProject
Project("{FAE04EC0-301F-11D3-BF4B-00C04F79EFBC}") = "scm-lib.tests", "projects\scm-lib.tests\scm-lib.tests.csproj", "{3A073380-0CBD-4A35-82FF-D306B5E26B03}"
EndProject
Project("{FAE04EC0-301F-11D3-BF4B-00C04F79EFBC}") = "scm-console", "projects\scm-console\scm-console.csproj", "{9B36704C-FA23-4827-AD7A-886A1D39BDC1}"
EndProject
Global
	GlobalSection(SolutionConfigurationPlatforms) = preSolution
		Debug|Any CPU = Debug|Any CPU
		Release|Any CPU = Release|Any CPU
	EndGlobalSection
	GlobalSection(SolutionProperties) = preSolution
		HideSolutionNode = FALSE
	EndGlobalSection
	GlobalSection(ProjectConfigurationPlatforms) = postSolution
		{1A500E3E-714D-46C1-8AC3-B5FB4C63BF16}.Debug|Any CPU.ActiveCfg = Debug|Any CPU
		{1A500E3E-714D-46C1-8AC3-B5FB4C63BF16}.Debug|Any CPU.Build.0 = Debug|Any CPU
		{1A500E3E-714D-46C1-8AC3-B5FB4C63BF16}.Release|Any CPU.ActiveCfg = Release|Any CPU
		{1A500E3E-714D-46C1-8AC3-B5FB4C63BF16}.Release|Any CPU.Build.0 = Release|Any CPU
		{3A073380-0CBD-4A35-82FF-D306B5E26B03}.Debug|Any CPU.ActiveCfg = Debug|Any CPU
		{3A073380-0CBD-4A35-82FF-D306B5E26B03}.Debug|Any CPU.Build.0 = Debug|Any CPU
		{3A073380-0CBD-4A35-82FF-D306B5E26B03}.Release|Any CPU.ActiveCfg = Release|Any CPU
		{3A073380-0CBD-4A35-82FF-D306B5E26B03}.Release|Any CPU.Build.0 = Release|Any CPU
		{9B36704C-FA23-4827-AD7A-886A1D39BDC1}.Debug|Any CPU.ActiveCfg = Debug|Any CPU
		{9B36704C-FA23-4827-AD7A-886A1D39BDC1}.Debug|Any CPU.Build.0 = Debug|Any CPU
		{9B36704C-FA23-4827-AD7A-886A1D39BDC1}.Release|Any CPU.ActiveCfg = Release|Any CPU
		{9B36704C-FA23-4827-AD7A-886A1D39BDC1}.Release|Any CPU.Build.0 = Release|Any CPU
	EndGlobalSection
	GlobalSection(NestedProjects) = preSolution
		{1A500E3E-714D-46C1-8AC3-B5FB4C63BF16} = {C3902DC0-0353-4890-AEE0-7104A3E586B1}
		{3A073380-0CBD-4A35-82FF-D306B5E26B03} = {C3902DC0-0353-4890-AEE0-7104A3E586B1}
		{9B36704C-FA23-4827-AD7A-886A1D39BDC1} = {C3902DC0-0353-4890-AEE0-7104A3E586B1}
	EndGlobalSection
EndGlobal
