
Microsoft Visual Studio Solution File, Format Version 12.00
# Visual Studio Version 17
VisualStudioVersion = 17.0.31903.59
MinimumVisualStudioVersion = 10.0.40219.1
Project("{2150E333-8FDC-42A3-9474-1A3956D46DE8}") = "src", "src", "{91302C0B-346C-4D68-AE2A-E0ECAE8EE304}"
EndProject
Project("{FAE04EC0-301F-11D3-BF4B-00C04F79EFBC}") = "scm", "src\scm\scm.csproj", "{83EE027C-5E32-432F-BB61-8C27D9394939}"
EndProject
Project("{2150E333-8FDC-42A3-9474-1A3956D46DE8}") = "test", "test", "{4902D337-0A4A-4F04-BF48-4336F676559C}"
EndProject
Project("{FAE04EC0-301F-11D3-BF4B-00C04F79EFBC}") = "scm.Tests", "test\scm.Tests\scm.Tests.csproj", "{18377D03-7FD2-4818-A0E6-9C5374767C5B}"
EndProject
Global
	GlobalSection(SolutionConfigurationPlatforms) = preSolution
		Debug|Any CPU = Debug|Any CPU
		Release|Any CPU = Release|Any CPU
	EndGlobalSection
	GlobalSection(SolutionProperties) = preSolution
		HideSolutionNode = FALSE
	EndGlobalSection
	GlobalSection(ProjectConfigurationPlatforms) = postSolution
		{83EE027C-5E32-432F-BB61-8C27D9394939}.Debug|Any CPU.ActiveCfg = Debug|Any CPU
		{83EE027C-5E32-432F-BB61-8C27D9394939}.Debug|Any CPU.Build.0 = Debug|Any CPU
		{83EE027C-5E32-432F-BB61-8C27D9394939}.Release|Any CPU.ActiveCfg = Release|Any CPU
		{83EE027C-5E32-432F-BB61-8C27D9394939}.Release|Any CPU.Build.0 = Release|Any CPU
		{18377D03-7FD2-4818-A0E6-9C5374767C5B}.Debug|Any CPU.ActiveCfg = Debug|Any CPU
		{18377D03-7FD2-4818-A0E6-9C5374767C5B}.Debug|Any CPU.Build.0 = Debug|Any CPU
		{18377D03-7FD2-4818-A0E6-9C5374767C5B}.Release|Any CPU.ActiveCfg = Release|Any CPU
		{18377D03-7FD2-4818-A0E6-9C5374767C5B}.Release|Any CPU.Build.0 = Release|Any CPU
	EndGlobalSection
	GlobalSection(NestedProjects) = preSolution
		{83EE027C-5E32-432F-BB61-8C27D9394939} = {91302C0B-346C-4D68-AE2A-E0ECAE8EE304}
		{18377D03-7FD2-4818-A0E6-9C5374767C5B} = {4902D337-0A4A-4F04-BF48-4336F676559C}
	EndGlobalSection
EndGlobal
